
Microsoft Visual Studio Solution File, Format Version 12.00
# Visual Studio Version 16
VisualStudioVersion = 16.0.30330.147
MinimumVisualStudioVersion = 10.0.40219.1
Project("{8BC9CEB8-8B4A-11D0-8D11-00A0C91BC942}") = "Heart", "Heart\Heart.vcxproj", "{DCEFD5B9-3B1E-4868-996C-9A98E595D24B}"
EndProject
Global
	GlobalSection(SolutionConfigurationPlatforms) = preSolution
		Debug|x64 = Debug|x64
		Debug|x86 = Debug|x86
		Release|x64 = Release|x64
		Release|x86 = Release|x86
	EndGlobalSection
	GlobalSection(ProjectConfigurationPlatforms) = postSolution
		{DCEFD5B9-3B1E-4868-996C-9A98E595D24B}.Debug|x64.ActiveCfg = Debug|x64
		{DCEFD5B9-3B1E-4868-996C-9A98E595D24B}.Debug|x64.Build.0 = Debug|x64
		{DCEFD5B9-3B1E-4868-996C-9A98E595D24B}.Debug|x86.ActiveCfg = Debug|Win32
		{DCEFD5B9-3B1E-4868-996C-9A98E595D24B}.Debug|x86.Build.0 = Debug|Win32
		{DCEFD5B9-3B1E-4868-996C-9A98E595D24B}.Release|x64.ActiveCfg = Release|x64
		{DCEFD5B9-3B1E-4868-996C-9A98E595D24B}.Release|x64.Build.0 = Release|x64
		{DCEFD5B9-3B1E-4868-996C-9A98E595D24B}.Release|x86.ActiveCfg = Release|Win32
		{DCEFD5B9-3B1E-4868-996C-9A98E595D24B}.Release|x86.Build.0 = Release|Win32
	EndGlobalSection
	GlobalSection(SolutionProperties) = preSolution
		HideSolutionNode = FALSE
	EndGlobalSection
	GlobalSection(ExtensibilityGlobals) = postSolution
		SolutionGuid = {1D210557-F714-47EE-834E-3FD2A0AB3C30}
	EndGlobalSection
EndGlobal
